{
  "name": "@hyrious/esbuild-dev",
  "version": "0.6.2",
  "lockfileVersion": 2,
  "requires": true,
  "packages": {
    "": {
      "name": "@hyrious/esbuild-dev",
      "version": "0.6.2",
      "license": "MIT",
      "bin": {
        "esbuild-dev": "dist/bin.js"
      },
      "devDependencies": {
        "@types/node": "^16.11.12",
        "esbuild": "^0.14.2"
      },
      "engines": {
        "node": ">=16.13.0"
      },
      "peerDependencies": {
        "esbuild": "*"
      }
    },
    "node_modules/@types/node": {
      "version": "16.11.12",
      "dev": true,
      "license": "MIT"
    },
    "node_modules/esbuild": {
      "version": "0.14.2",
      "dev": true,
      "hasInstallScript": true,
      "license": "MIT",
      "bin": {
        "esbuild": "bin/esbuild"
      },
      "optionalDependencies": {
        "esbuild-android-arm64": "0.14.2",
        "esbuild-darwin-64": "0.14.2",
        "esbuild-darwin-arm64": "0.14.2",
        "esbuild-freebsd-64": "0.14.2",
        "esbuild-freebsd-arm64": "0.14.2",
        "esbuild-linux-32": "0.14.2",
        "esbuild-linux-64": "0.14.2",
        "esbuild-linux-arm": "0.14.2",
        "esbuild-linux-arm64": "0.14.2",
        "esbuild-linux-mips64le": "0.14.2",
        "esbuild-linux-ppc64le": "0.14.2",
        "esbuild-netbsd-64": "0.14.2",
        "esbuild-openbsd-64": "0.14.2",
        "esbuild-sunos-64": "0.14.2",
        "esbuild-windows-32": "0.14.2",
        "esbuild-windows-64": "0.14.2",
        "esbuild-windows-arm64": "0.14.2"
      }
    },
    "node_modules/esbuild-darwin-64": {
      "version": "0.14.2",
      "cpu": [
        "x64"
      ],
      "dev": true,
      "license": "MIT",
      "optional": true,
      "os": [
        "darwin"
      ]
    }
  },
  "dependencies": {
    "@types/node": {
      "version": "16.11.12",
      "dev": true
    },
    "esbuild": {
      "version": "0.14.2",
      "dev": true,
      "requires": {
        "esbuild-android-arm64": "0.14.2",
        "esbuild-darwin-64": "0.14.2",
        "esbuild-darwin-arm64": "0.14.2",
        "esbuild-freebsd-64": "0.14.2",
        "esbuild-freebsd-arm64": "0.14.2",
        "esbuild-linux-32": "0.14.2",
        "esbuild-linux-64": "0.14.2",
        "esbuild-linux-arm": "0.14.2",
        "esbuild-linux-arm64": "0.14.2",
        "esbuild-linux-mips64le": "0.14.2",
        "esbuild-linux-ppc64le": "0.14.2",
        "esbuild-netbsd-64": "0.14.2",
        "esbuild-openbsd-64": "0.14.2",
        "esbuild-sunos-64": "0.14.2",
        "esbuild-windows-32": "0.14.2",
        "esbuild-windows-64": "0.14.2",
        "esbuild-windows-arm64": "0.14.2"
      }
    },
    "esbuild-darwin-64": {
      "version": "0.14.2",
      "dev": true,
      "optional": true
    }
  }
}
