{
  "name": "@hyrious/esbuild-dev",
  "version": "0.4.2",
  "lockfileVersion": 2,
  "requires": true,
  "packages": {
    "": {
      "name": "@hyrious/esbuild-dev",
      "version": "0.4.2",
      "license": "MIT",
      "dependencies": {
        "esbuild": "^0.12.16"
      },
      "bin": {
        "esbuild-dev": "dist/bin.mjs"
      },
      "devDependencies": {
        "@types/node": "^16.4.7"
      },
      "engines": {
        "node": ">=14.8.0"
      }
    },
    "node_modules/@types/node": {
      "version": "16.4.7",
      "resolved": "https://registry.npmjs.org/@types/node/-/node-16.4.7.tgz",
      "integrity": "sha512-aDDY54sst8sx47CWT6QQqIZp45yURq4dic0+HCYfYNcY5Ejlb/CLmFnRLfy3wQuYafOeh3lB/DAKaqRKBtcZmA==",
      "dev": true
    },
    "node_modules/esbuild": {
      "version": "0.12.16",
      "resolved": "https://registry.npmjs.org/esbuild/-/esbuild-0.12.16.tgz",
      "integrity": "sha512-XqI9cXP2bmQ6MREIqrYBb13KfYFSERsV1+e5jSVWps8dNlLZK+hln7d0mznzDIpfISsg/AgQW0DW3kSInXWhrg==",
      "hasInstallScript": true,
      "bin": {
        "esbuild": "bin/esbuild"
      }
    }
  },
  "dependencies": {
    "@types/node": {
      "version": "16.4.7",
      "resolved": "https://registry.npmjs.org/@types/node/-/node-16.4.7.tgz",
      "integrity": "sha512-aDDY54sst8sx47CWT6QQqIZp45yURq4dic0+HCYfYNcY5Ejlb/CLmFnRLfy3wQuYafOeh3lB/DAKaqRKBtcZmA==",
      "dev": true
    },
    "esbuild": {
      "version": "0.12.16",
      "resolved": "https://registry.npmjs.org/esbuild/-/esbuild-0.12.16.tgz",
      "integrity": "sha512-XqI9cXP2bmQ6MREIqrYBb13KfYFSERsV1+e5jSVWps8dNlLZK+hln7d0mznzDIpfISsg/AgQW0DW3kSInXWhrg=="
    }
  }
}
