lockfileVersion: 5.3

specifiers:
  '@types/node': ^17.0.21
  esbuild: ^0.14.24

devDependencies:
  '@types/node': 17.0.21
  esbuild: 0.14.24

packages:

  /@types/node/17.0.21:
    resolution: {integrity: sha512-DBZCJbhII3r90XbQxI8Y9IjjiiOGlZ0Hr32omXIZvwwZ7p4DMMXGrKXVyPfuoBOri9XNtL0UK69jYIBIsRX3QQ==}
    dev: true

  /esbuild-android-64/0.14.24:
    resolution: {integrity: sha512-mbhO8NepmUZ84cP/axGR8IzH1Trth+uknEJzz36cZl8FfMA3ooaiBsMyzJ35s70QEAreiEt1XzltZ4pcfOsVUA==}
    engines: {node: '>=12'}
    cpu: [x64]
    os: [android]
    requiresBuild: true
    dev: true
    optional: true

  /esbuild-android-arm64/0.14.24:
    resolution: {integrity: sha512-wM3iuLZjaA9BhlMOH6mWvTGXwPJsLOuAbMkGiczSY+NLeG2WF1ouCcuhFz2jZCbnw9lnI30QWgzebNBQi9K8SA==}
    engines: {node: '>=12'}
    cpu: [arm64]
    os: [android]
    requiresBuild: true
    dev: true
    optional: true

  /esbuild-darwin-64/0.14.24:
    resolution: {integrity: sha512-GDaCV5e9mdrJkrGT91W8WCqQ/+fvB/nsULIu4l7Ik7dlQd5uB4qeKRcFFl5Vz5ODK/C/UWZmKmMQWokZsLNWLQ==}
    engines: {node: '>=12'}
    cpu: [x64]
    os: [darwin]
    requiresBuild: true
    dev: true
    optional: true

  /esbuild-darwin-arm64/0.14.24:
    resolution: {integrity: sha512-reU7/vEdXsg+zZWxKL/gaHsJkGMCC49Y4pqbsaBmx0YAF00K0+V7w5BHBF+iY5jvtJ1ZCYRHTN/iAbYVOnoV0w==}
    engines: {node: '>=12'}
    cpu: [arm64]
    os: [darwin]
    requiresBuild: true
    dev: true
    optional: true

  /esbuild-freebsd-64/0.14.24:
    resolution: {integrity: sha512-Mp35Rz/XoixG7Uka6l54hU/XUxAEwQozgKoHPusJzX+Fu1vANil0Ypos0RJkidu7skSkd0xisNIT+gtD36BxpA==}
    engines: {node: '>=12'}
    cpu: [x64]
    os: [freebsd]
    requiresBuild: true
    dev: true
    optional: true

  /esbuild-freebsd-arm64/0.14.24:
    resolution: {integrity: sha512-+tf4a4zYaHP1XXPt286mxOc2bmj13K57GZYjqYz/G3c3sgNXa0JBkcPlUATIj96WfXhWM115n3nHe9wF88+ZGQ==}
    engines: {node: '>=12'}
    cpu: [arm64]
    os: [freebsd]
    requiresBuild: true
    dev: true
    optional: true

  /esbuild-linux-32/0.14.24:
    resolution: {integrity: sha512-8jMZErn5aLnlSQqzK365yoWRr67ZkGNcoTmk1CK5Bk1EB9g7uwCfdZsmWcclLWPGkIhMbdk4OvzQ+Wp0popwWA==}
    engines: {node: '>=12'}
    cpu: [ia32]
    os: [linux]
    requiresBuild: true
    dev: true
    optional: true

  /esbuild-linux-64/0.14.24:
    resolution: {integrity: sha512-D/JCsk9OY2IZj+fkU74pKD4rD2pjeiYUbze1cS5D6+U0pz8j71GjZY5UkfwHhBBbNyPe6DPCyex97txQUlHwWw==}
    engines: {node: '>=12'}
    cpu: [x64]
    os: [linux]
    requiresBuild: true
    dev: true
    optional: true

  /esbuild-linux-arm/0.14.24:
    resolution: {integrity: sha512-N+vvGpJAUWv3j+YZGOMEtrHwrrSG582TuAThBwoRE7d2N4zFE2WQBCiSYaAVckMQhvMOPqnCdqeTDUse5nlKTw==}
    engines: {node: '>=12'}
    cpu: [arm]
    os: [linux]
    requiresBuild: true
    dev: true
    optional: true

  /esbuild-linux-arm64/0.14.24:
    resolution: {integrity: sha512-DypWEDQLE+PoHGMa4FLcmKvS+yQLsYlsN03R496rTpDOiVQGrRdo0LbYtf+uHpDxa1KRrHZsQim6n8m3VBHP6g==}
    engines: {node: '>=12'}
    cpu: [arm64]
    os: [linux]
    requiresBuild: true
    dev: true
    optional: true

  /esbuild-linux-mips64le/0.14.24:
    resolution: {integrity: sha512-eMk9pEHba1yd5bOuPZUJfFucigvysdcE2d/wV4M0eUdb/VjyH9fcGqz8byvSjmYSOt3WCn/V4jLVI+pwDSHWYw==}
    engines: {node: '>=12'}
    cpu: [mips64el]
    os: [linux]
    requiresBuild: true
    dev: true
    optional: true

  /esbuild-linux-ppc64le/0.14.24:
    resolution: {integrity: sha512-4vQ/Y6EV5Z2BjO7RdpEyTCv702WmOPc95d2CbUcFvg78FpGQAmrbIrHXu/yX4+rdUU6vMNBn3M+7M7/lxmxjjg==}
    engines: {node: '>=12'}
    cpu: [ppc64]
    os: [linux]
    requiresBuild: true
    dev: true
    optional: true

  /esbuild-linux-riscv64/0.14.24:
    resolution: {integrity: sha512-pAN9/+NZ487Wo9PmlOM6Ra95SrhG8JQw7fCgi3z7dUufwTApTNTPGs5UOMD4Bmorju+DeGb0f0GddLaeabvqDg==}
    engines: {node: '>=12'}
    cpu: [riscv64]
    os: [linux]
    requiresBuild: true
    dev: true
    optional: true

  /esbuild-linux-s390x/0.14.24:
    resolution: {integrity: sha512-ZR+VMHP2WS3022x2sK/85cBfKGgPalIZzpquDWjra9nUb+WdEzuK9i9bRsstLmjIPs3uIkGfe6xXUh/7PNLllw==}
    engines: {node: '>=12'}
    cpu: [s390x]
    os: [linux]
    requiresBuild: true
    dev: true
    optional: true

  /esbuild-netbsd-64/0.14.24:
    resolution: {integrity: sha512-1PzXU++e0PEaSuGpkhrVb+fDUw9mSp4laY9KRsjJkAuXPDj0rHz7KxK7CAbzY/ucufeIR9Ca8/oMpdVyWdaOGw==}
    engines: {node: '>=12'}
    cpu: [x64]
    os: [netbsd]
    requiresBuild: true
    dev: true
    optional: true

  /esbuild-openbsd-64/0.14.24:
    resolution: {integrity: sha512-PvXh7JJAFM1kR87XDWbRrUkaOGVMS6Dq/IRXE2E02maio21JELk/jNRijTe81ztr8v+8K9osB3rG9zKqIdTxhQ==}
    engines: {node: '>=12'}
    cpu: [x64]
    os: [openbsd]
    requiresBuild: true
    dev: true
    optional: true

  /esbuild-sunos-64/0.14.24:
    resolution: {integrity: sha512-5iYi76kGQdyCqvSUknqjTZ0T19KvQD6hiklPAY6kVoQ1YoDUGCGILRI9eM/3zLNLG1bUFgcdJ2ktaBxwyXuHyA==}
    engines: {node: '>=12'}
    cpu: [x64]
    os: [sunos]
    requiresBuild: true
    dev: true
    optional: true

  /esbuild-windows-32/0.14.24:
    resolution: {integrity: sha512-oDxcNu4P1FWTk2ompKB0uKHfxYw1QuubH189+PlfrrWT9tVu+mxT9dSwJu2erfUDz5dnr6h8rgkg95NGboeJxg==}
    engines: {node: '>=12'}
    cpu: [ia32]
    os: [win32]
    requiresBuild: true
    dev: true
    optional: true

  /esbuild-windows-64/0.14.24:
    resolution: {integrity: sha512-0uxXF1yLcGEM2es0OMDgQYQGZXQEEIdq8cG3IWhY2GGfFRLXpMgic1iUE+SKCh+b82t1ftUVoyG0zIFRn5NOIA==}
    engines: {node: '>=12'}
    cpu: [x64]
    os: [win32]
    requiresBuild: true
    dev: true
    optional: true

  /esbuild-windows-arm64/0.14.24:
    resolution: {integrity: sha512-unwaYRaIK/4OaZm0jnM3pLKMPEjaQqmT5teTciSZ86VYaiYZF27Ki7BW7R5ngk27gIw0ovIfUcn9DhJgp7qAlw==}
    engines: {node: '>=12'}
    cpu: [arm64]
    os: [win32]
    requiresBuild: true
    dev: true
    optional: true

  /esbuild/0.14.24:
    resolution: {integrity: sha512-NjfmycVQqY0+iKXoHXsvMAKx4XF/bD/dDm8pK6C/3aJO/i/uby+7AR4z8vu0qkiihkB5Y43+9BjdY2MGnswC/A==}
    engines: {node: '>=12'}
    hasBin: true
    requiresBuild: true
    optionalDependencies:
      esbuild-android-64: 0.14.24
      esbuild-android-arm64: 0.14.24
      esbuild-darwin-64: 0.14.24
      esbuild-darwin-arm64: 0.14.24
      esbuild-freebsd-64: 0.14.24
      esbuild-freebsd-arm64: 0.14.24
      esbuild-linux-32: 0.14.24
      esbuild-linux-64: 0.14.24
      esbuild-linux-arm: 0.14.24
      esbuild-linux-arm64: 0.14.24
      esbuild-linux-mips64le: 0.14.24
      esbuild-linux-ppc64le: 0.14.24
      esbuild-linux-riscv64: 0.14.24
      esbuild-linux-s390x: 0.14.24
      esbuild-netbsd-64: 0.14.24
      esbuild-openbsd-64: 0.14.24
      esbuild-sunos-64: 0.14.24
      esbuild-windows-32: 0.14.24
      esbuild-windows-64: 0.14.24
      esbuild-windows-arm64: 0.14.24
    dev: true
